
Microsoft Visual Studio Solution File, Format Version 12.00
# Visual Studio Version 17
VisualStudioVersion = 17.8.34330.188
MinimumVisualStudioVersion = 10.0.40219.1
Project("{2150E333-8FDC-42A3-9474-1A3956D46DE8}") = "Services", "Services", "{E344C37C-3866-4F75-A530-AAE6EE4C11AD}"
EndProject
Project("{2150E333-8FDC-42A3-9474-1A3956D46DE8}") = "Catalog", "Catalog", "{90FA088F-A894-4C8C-A810-33DE4EE53D6F}"
EndProject
Project("{9A19103F-16F7-4668-BE54-9A1E7A4F7556}") = "Catalog.API", "Services\Catalog\Catalog.API\Catalog.API.csproj", "{2757BF99-E4D7-4EF2-BCDF-497EB6EAFBC5}"
EndProject
Project("{2150E333-8FDC-42A3-9474-1A3956D46DE8}") = "BuildingBlocks", "BuildingBlocks", "{FD2A70CE-A9E6-423D-9648-C59BEF18F4EA}"
EndProject
Project("{9A19103F-16F7-4668-BE54-9A1E7A4F7556}") = "BuildingBlocks", "BuildingBlocks\BuildingBlocks\BuildingBlocks.csproj", "{21B203B5-E717-4A13-B28E-83CA50051090}"
EndProject
Project("{E53339B2-1760-4266-BCC7-CA923CBCF16C}") = "docker-compose", "docker-compose.dcproj", "{6C99456B-DA96-4BA8-90AC-92ADE278D9DD}"
EndProject
Project("{2150E333-8FDC-42A3-9474-1A3956D46DE8}") = "Basket", "Basket", "{9F53E655-A609-41C8-BE91-5E79548D36B6}"
EndProject
Project("{9A19103F-16F7-4668-BE54-9A1E7A4F7556}") = "Basket.API", "Services\Basket\Basket.API\Basket.API.csproj", "{8CED2E25-8882-423E-9164-4C29D80C7EE0}"
EndProject
Project("{2150E333-8FDC-42A3-9474-1A3956D46DE8}") = "Discount", "Discount", "{ADFD5016-71F3-4536-B07B-EC1A9D748A75}"
EndProject
Project("{9A19103F-16F7-4668-BE54-9A1E7A4F7556}") = "Discount.Grpc", "Services\Discount\Discount.Grpc\Discount.Grpc.csproj", "{C8C08717-782F-492C-80AC-8B94C931C014}"
EndProject
Project("{2150E333-8FDC-42A3-9474-1A3956D46DE8}") = "Ordering", "Ordering", "{6DB774E5-22EC-4717-BC80-9EE83C6DB6AD}"
EndProject
Project("{FAE04EC0-301F-11D3-BF4B-00C04F79EFBC}") = "Ordering.API", "Services\Ordering\Ordering.API\Ordering.API.csproj", "{97DC85E6-18E8-4546-A6F9-D2B6A7293ABA}"
EndProject
Global
	GlobalSection(SolutionConfigurationPlatforms) = preSolution
		Debug|Any CPU = Debug|Any CPU
		Release|Any CPU = Release|Any CPU
	EndGlobalSection
	GlobalSection(ProjectConfigurationPlatforms) = postSolution
		{2757BF99-E4D7-4EF2-BCDF-497EB6EAFBC5}.Debug|Any CPU.ActiveCfg = Debug|Any CPU
		{2757BF99-E4D7-4EF2-BCDF-497EB6EAFBC5}.Debug|Any CPU.Build.0 = Debug|Any CPU
		{2757BF99-E4D7-4EF2-BCDF-497EB6EAFBC5}.Release|Any CPU.ActiveCfg = Release|Any CPU
		{2757BF99-E4D7-4EF2-BCDF-497EB6EAFBC5}.Release|Any CPU.Build.0 = Release|Any CPU
		{21B203B5-E717-4A13-B28E-83CA50051090}.Debug|Any CPU.ActiveCfg = Debug|Any CPU
		{21B203B5-E717-4A13-B28E-83CA50051090}.Debug|Any CPU.Build.0 = Debug|Any CPU
		{21B203B5-E717-4A13-B28E-83CA50051090}.Release|Any CPU.ActiveCfg = Release|Any CPU
		{21B203B5-E717-4A13-B28E-83CA50051090}.Release|Any CPU.Build.0 = Release|Any CPU
		{6C99456B-DA96-4BA8-90AC-92ADE278D9DD}.Debug|Any CPU.ActiveCfg = Debug|Any CPU
		{6C99456B-DA96-4BA8-90AC-92ADE278D9DD}.Debug|Any CPU.Build.0 = Debug|Any CPU
		{6C99456B-DA96-4BA8-90AC-92ADE278D9DD}.Release|Any CPU.ActiveCfg = Release|Any CPU
		{6C99456B-DA96-4BA8-90AC-92ADE278D9DD}.Release|Any CPU.Build.0 = Release|Any CPU
		{8CED2E25-8882-423E-9164-4C29D80C7EE0}.Debug|Any CPU.ActiveCfg = Debug|Any CPU
		{8CED2E25-8882-423E-9164-4C29D80C7EE0}.Debug|Any CPU.Build.0 = Debug|Any CPU
		{8CED2E25-8882-423E-9164-4C29D80C7EE0}.Release|Any CPU.ActiveCfg = Release|Any CPU
		{8CED2E25-8882-423E-9164-4C29D80C7EE0}.Release|Any CPU.Build.0 = Release|Any CPU
		{C8C08717-782F-492C-80AC-8B94C931C014}.Debug|Any CPU.ActiveCfg = Debug|Any CPU
		{C8C08717-782F-492C-80AC-8B94C931C014}.Debug|Any CPU.Build.0 = Debug|Any CPU
		{C8C08717-782F-492C-80AC-8B94C931C014}.Release|Any CPU.ActiveCfg = Release|Any CPU
		{C8C08717-782F-492C-80AC-8B94C931C014}.Release|Any CPU.Build.0 = Release|Any CPU
		{97DC85E6-18E8-4546-A6F9-D2B6A7293ABA}.Debug|Any CPU.ActiveCfg = Debug|Any CPU
		{97DC85E6-18E8-4546-A6F9-D2B6A7293ABA}.Debug|Any CPU.Build.0 = Debug|Any CPU
		{97DC85E6-18E8-4546-A6F9-D2B6A7293ABA}.Release|Any CPU.ActiveCfg = Release|Any CPU
		{97DC85E6-18E8-4546-A6F9-D2B6A7293ABA}.Release|Any CPU.Build.0 = Release|Any CPU
	EndGlobalSection
	GlobalSection(SolutionProperties) = preSolution
		HideSolutionNode = FALSE
	EndGlobalSection
	GlobalSection(NestedProjects) = preSolution
		{90FA088F-A894-4C8C-A810-33DE4EE53D6F} = {E344C37C-3866-4F75-A530-AAE6EE4C11AD}
		{2757BF99-E4D7-4EF2-BCDF-497EB6EAFBC5} = {90FA088F-A894-4C8C-A810-33DE4EE53D6F}
		{21B203B5-E717-4A13-B28E-83CA50051090} = {FD2A70CE-A9E6-423D-9648-C59BEF18F4EA}
		{9F53E655-A609-41C8-BE91-5E79548D36B6} = {E344C37C-3866-4F75-A530-AAE6EE4C11AD}
		{8CED2E25-8882-423E-9164-4C29D80C7EE0} = {9F53E655-A609-41C8-BE91-5E79548D36B6}
		{ADFD5016-71F3-4536-B07B-EC1A9D748A75} = {E344C37C-3866-4F75-A530-AAE6EE4C11AD}
		{C8C08717-782F-492C-80AC-8B94C931C014} = {ADFD5016-71F3-4536-B07B-EC1A9D748A75}
		{6DB774E5-22EC-4717-BC80-9EE83C6DB6AD} = {E344C37C-3866-4F75-A530-AAE6EE4C11AD}
		{97DC85E6-18E8-4546-A6F9-D2B6A7293ABA} = {6DB774E5-22EC-4717-BC80-9EE83C6DB6AD}
	EndGlobalSection
	GlobalSection(ExtensibilityGlobals) = postSolution
		SolutionGuid = {D107E82D-8537-43EC-BA31-1163008D2E6C}
	EndGlobalSection
EndGlobal
